// !$*UTF8*$!
{
	archiveVersion = 1;
	classes = {
	};
	objectVersion = 46;
	objects = {

/* Begin PBXBuildFile section */
		C2A4B1591B4E055400D8C555 /* main.m in Sources */ = {isa = PBXBuildFile; fileRef = C2A4B1581B4E055400D8C555 /* main.m */; };
		C2A4B15C1B4E055400D8C555 /* AppDelegate.m in Sources */ = {isa = PBXBuildFile; fileRef = C2A4B15B1B4E055400D8C555 /* AppDelegate.m */; };
		C2A4B15F1B4E055400D8C555 /* ViewController.m in Sources */ = {isa = PBXBuildFile; fileRef = C2A4B15E1B4E055400D8C555 /* ViewController.m */; };
		C2A4B1621B4E055400D8C555 /* Main.storyboard in Resources */ = {isa = PBXBuildFile; fileRef = C2A4B1601B4E055400D8C555 /* Main.storyboard */; };
		C2A4B1641B4E055400D8C555 /* Images.xcassets in Resources */ = {isa = PBXBuildFile; fileRef = C2A4B1631B4E055400D8C555 /* Images.xcassets */; };
		C2A4B1671B4E055400D8C555 /* LaunchScreen.xib in Resources */ = {isa = PBXBuildFile; fileRef = C2A4B1651B4E055400D8C555 /* LaunchScreen.xib */; };
		C2A4B1731B4E055400D8C555 /* zhoiusi_Tests.m in Sources */ = {isa = PBXBuildFile; fileRef = C2A4B1721B4E055400D8C555 /* zhoiusi_Tests.m */; };
/* End PBXBuildFile section */

/* Begin PBXContainerItemProxy section */
		C2A4B16D1B4E055400D8C555 /* PBXContainerItemProxy */ = {
			isa = PBXContainerItemProxy;
			containerPortal = C2A4B14B1B4E055400D8C555 /* Project object */;
			proxyType = 1;
			remoteGlobalIDString = C2A4B1521B4E055400D8C555;
			remoteInfo = zhoiusi_;
		};
/* End PBXContainerItemProxy section */

/* Begin PBXFileReference section */
		C2A4B1531B4E055400D8C555 /* zhoiusi_.app */ = {isa = PBXFileReference; explicitFileType = wrapper.application; includeInIndex = 0; path = zhoiusi_.app; sourceTree = BUILT_PRODUCTS_DIR; };
		C2A4B1571B4E055400D8C555 /* Info.plist */ = {isa = PBXFileReference; lastKnownFileType = text.plist.xml; path = Info.plist; sourceTree = "<group>"; };
		C2A4B1581B4E055400D8C555 /* main.m */ = {isa = PBXFileReference; lastKnownFileType = sourcecode.c.objc; path = main.m; sourceTree = "<group>"; };
		C2A4B15A1B4E055400D8C555 /* AppDelegate.h */ = {isa = PBXFileReference; lastKnownFileType = sourcecode.c.h; path = AppDelegate.h; sourceTree = "<group>"; };
		C2A4B15B1B4E055400D8C555 /* AppDelegate.m */ = {isa = PBXFileReference; lastKnownFileType = sourcecode.c.objc; path = AppDelegate.m; sourceTree = "<group>"; };
		C2A4B15D1B4E055400D8C555 /* ViewController.h */ = {isa = PBXFileReference; lastKnownFileType = sourcecode.c.h; path = ViewController.h; sourceTree = "<group>"; };
		C2A4B15E1B4E055400D8C555 /* ViewController.m */ = {isa = PBXFileReference; lastKnownFileType = sourcecode.c.objc; path = ViewController.m; sourceTree = "<group>"; };
		C2A4B1611B4E055400D8C555 /* Base */ = {isa = PBXFileReference; lastKnownFileType = file.storyboard; name = Base; path = Base.lproj/Main.storyboard; sourceTree = "<group>"; };
		C2A4B1631B4E055400D8C555 /* Images.xcassets */ = {isa = PBXFileReference; lastKnownFileType = folder.assetcatalog; path = Images.xcassets; sourceTree = "<group>"; };
		C2A4B1661B4E055400D8C555 /* Base */ = {isa = PBXFileReference; lastKnownFileType = file.xib; name = Base; path = Base.lproj/LaunchScreen.xib; sourceTree = "<group>"; };
		C2A4B16C1B4E055400D8C555 /* zhoiusi_Tests.xctest */ = {isa = PBXFileReference; explicitFileType = wrapper.cfbundle; includeInIndex = 0; path = zhoiusi_Tests.xctest; sourceTree = BUILT_PRODUCTS_DIR; };
		C2A4B1711B4E055400D8C555 /* Info.plist */ = {isa = PBXFileReference; lastKnownFileType = text.plist.xml; path = Info.plist; sourceTree = "<group>"; };
		C2A4B1721B4E055400D8C555 /* zhoiusi_Tests.m */ = {isa = PBXFileReference; lastKnownFileType = sourcecode.c.objc; path = zhoiusi_Tests.m; sourceTree = "<group>"; };
/* End PBXFileReference section */

/* Begin PBXFrameworksBuildPhase section */
		C2A4B1501B4E055400D8C555 /* Frameworks */ = {
			isa = PBXFrameworksBuildPhase;
			buildActionMask = 2147483647;
			files = (
			);
			runOnlyForDeploymentPostprocessing = 0;
		};
		C2A4B1691B4E055400D8C555 /* Frameworks */ = {
			isa = PBXFrameworksBuildPhase;
			buildActionMask = 2147483647;
			files = (
			);
			runOnlyForDeploymentPostprocessing = 0;
		};
/* End PBXFrameworksBuildPhase section */

/* Begin PBXGroup section */
		C2A4B14A1B4E055400D8C555 = {
			isa = PBXGroup;
			children = (
				C2A4B1551B4E055400D8C555 /* zhoiusi_ */,
				C2A4B16F1B4E055400D8C555 /* zhoiusi_Tests */,
				C2A4B1541B4E055400D8C555 /* Products */,
			);
			sourceTree = "<group>";
		};
		C2A4B1541B4E055400D8C555 /* Products */ = {
			isa = PBXGroup;
			children = (
				C2A4B1531B4E055400D8C555 /* zhoiusi_.app */,
				C2A4B16C1B4E055400D8C555 /* zhoiusi_Tests.xctest */,
			);
			name = Products;
			sourceTree = "<group>";
		};
		C2A4B1551B4E055400D8C555 /* zhoiusi_ */ = {
			isa = PBXGroup;
			children = (
				C2A4B15A1B4E055400D8C555 /* AppDelegate.h */,
				C2A4B15B1B4E055400D8C555 /* AppDelegate.m */,
				C2A4B15D1B4E055400D8C555 /* ViewController.h */,
				C2A4B15E1B4E055400D8C555 /* ViewController.m */,
				C2A4B1601B4E055400D8C555 /* Main.storyboard */,
				C2A4B1631B4E055400D8C555 /* Images.xcassets */,
				C2A4B1651B4E055400D8C555 /* LaunchScreen.xib */,
				C2A4B1561B4E055400D8C555 /* Supporting Files */,
			);
			path = zhoiusi_;
			sourceTree = "<group>";
		};
		C2A4B1561B4E055400D8C555 /* Supporting Files */ = {
			isa = PBXGroup;
			children = (
				C2A4B1571B4E055400D8C555 /* Info.plist */,
				C2A4B1581B4E055400D8C555 /* main.m */,
			);
			name = "Supporting Files";
			sourceTree = "<group>";
		};
		C2A4B16F1B4E055400D8C555 /* zhoiusi_Tests */ = {
			isa = PBXGroup;
			children = (
				C2A4B1721B4E055400D8C555 /* zhoiusi_Tests.m */,
				C2A4B1701B4E055400D8C555 /* Supporting Files */,
			);
			path = zhoiusi_Tests;
			sourceTree = "<group>";
		};
		C2A4B1701B4E055400D8C555 /* Supporting Files */ = {
			isa = PBXGroup;
			children = (
				C2A4B1711B4E055400D8C555 /* Info.plist */,
			);
			name = "Supporting Files";
			sourceTree = "<group>";
		};
/* End PBXGroup section */

/* Begin PBXNativeTarget section */
		C2A4B1521B4E055400D8C555 /* zhoiusi_ */ = {
			isa = PBXNativeTarget;
			buildConfigurationList = C2A4B1761B4E055400D8C555 /* Build configuration list for PBXNativeTarget "zhoiusi_" */;
			buildPhases = (
				C2A4B14F1B4E055400D8C555 /* Sources */,
				C2A4B1501B4E055400D8C555 /* Frameworks */,
				C2A4B1511B4E055400D8C555 /* Resources */,
			);
			buildRules = (
			);
			dependencies = (
			);
			name = zhoiusi_;
			productName = zhoiusi_;
			productReference = C2A4B1531B4E055400D8C555 /* zhoiusi_.app */;
			productType = "com.apple.product-type.application";
		};
		C2A4B16B1B4E055400D8C555 /* zhoiusi_Tests */ = {
			isa = PBXNativeTarget;
			buildConfigurationList = C2A4B1791B4E055400D8C555 /* Build configuration list for PBXNativeTarget "zhoiusi_Tests" */;
			buildPhases = (
				C2A4B1681B4E055400D8C555 /* Sources */,
				C2A4B1691B4E055400D8C555 /* Frameworks */,
				C2A4B16A1B4E055400D8C555 /* Resources */,
			);
			buildRules = (
			);
			dependencies = (
				C2A4B16E1B4E055400D8C555 /* PBXTargetDependency */,
			);
			name = zhoiusi_Tests;
			productName = zhoiusi_Tests;
			productReference = C2A4B16C1B4E055400D8C555 /* zhoiusi_Tests.xctest */;
			productType = "com.apple.product-type.bundle.unit-test";
		};
/* End PBXNativeTarget section */

/* Begin PBXProject section */
		C2A4B14B1B4E055400D8C555 /* Project object */ = {
			isa = PBXProject;
			attributes = {
				LastUpgradeCheck = 0600;
				ORGANIZATIONNAME = lanou3g;
				TargetAttributes = {
					C2A4B1521B4E055400D8C555 = {
						CreatedOnToolsVersion = 6.0.1;
					};
					C2A4B16B1B4E055400D8C555 = {
						CreatedOnToolsVersion = 6.0.1;
						TestTargetID = C2A4B1521B4E055400D8C555;
					};
				};
			};
			buildConfigurationList = C2A4B14E1B4E055400D8C555 /* Build configuration list for PBXProject "zhoiusi_" */;
			compatibilityVersion = "Xcode 3.2";
			developmentRegion = English;
			hasScannedForEncodings = 0;
			knownRegions = (
				en,
				Base,
			);
			mainGroup = C2A4B14A1B4E055400D8C555;
			productRefGroup = C2A4B1541B4E055400D8C555 /* Products */;
			projectDirPath = "";
			projectRoot = "";
			targets = (
				C2A4B1521B4E055400D8C555 /* zhoiusi_ */,
				C2A4B16B1B4E055400D8C555 /* zhoiusi_Tests */,
			);
		};
/* End PBXProject section */

/* Begin PBXResourcesBuildPhase section */
		C2A4B1511B4E055400D8C555 /* Resources */ = {
			isa = PBXResourcesBuildPhase;
			buildActionMask = 2147483647;
			files = (
				C2A4B1621B4E055400D8C555 /* Main.storyboard in Resources */,
				C2A4B1671B4E055400D8C555 /* LaunchScreen.xib in Resources */,
				C2A4B1641B4E055400D8C555 /* Images.xcassets in Resources */,
			);
			runOnlyForDeploymentPostprocessing = 0;
		};
		C2A4B16A1B4E055400D8C555 /* Resources */ = {
			isa = PBXResourcesBuildPhase;
			buildActionMask = 2147483647;
			files = (
			);
			runOnlyForDeploymentPostprocessing = 0;
		};
/* End PBXResourcesBuildPhase section */

/* Begin PBXSourcesBuildPhase section */
		C2A4B14F1B4E055400D8C555 /* Sources */ = {
			isa = PBXSourcesBuildPhase;
			buildActionMask = 2147483647;
			files = (
				C2A4B15F1B4E055400D8C555 /* ViewController.m in Sources */,
				C2A4B15C1B4E055400D8C555 /* AppDelegate.m in Sources */,
				C2A4B1591B4E055400D8C555 /* main.m in Sources */,
			);
			runOnlyForDeploymentPostprocessing = 0;
		};
		C2A4B1681B4E055400D8C555 /* Sources */ = {
			isa = PBXSourcesBuildPhase;
			buildActionMask = 2147483647;
			files = (
				C2A4B1731B4E055400D8C555 /* zhoiusi_Tests.m in Sources */,
			);
			runOnlyForDeploymentPostprocessing = 0;
		};
/* End PBXSourcesBuildPhase section */

/* Begin PBXTargetDependency section */
		C2A4B16E1B4E055400D8C555 /* PBXTargetDependency */ = {
			isa = PBXTargetDependency;
			target = C2A4B1521B4E055400D8C555 /* zhoiusi_ */;
			targetProxy = C2A4B16D1B4E055400D8C555 /* PBXContainerItemProxy */;
		};
/* End PBXTargetDependency section */

/* Begin PBXVariantGroup section */
		C2A4B1601B4E055400D8C555 /* Main.storyboard */ = {
			isa = PBXVariantGroup;
			children = (
				C2A4B1611B4E055400D8C555 /* Base */,
			);
			name = Main.storyboard;
			sourceTree = "<group>";
		};
		C2A4B1651B4E055400D8C555 /* LaunchScreen.xib */ = {
			isa = PBXVariantGroup;
			children = (
				C2A4B1661B4E055400D8C555 /* Base */,
			);
			name = LaunchScreen.xib;
			sourceTree = "<group>";
		};
/* End PBXVariantGroup section */

/* Begin XCBuildConfiguration section */
		C2A4B1741B4E055400D8C555 /* Debug */ = {
			isa = XCBuildConfiguration;
			buildSettings = {
				ALWAYS_SEARCH_USER_PATHS = NO;
				CLANG_CXX_LANGUAGE_STANDARD = "gnu++0x";
				CLANG_CXX_LIBRARY = "libc++";
				CLANG_ENABLE_MODULES = YES;
				CLANG_ENABLE_OBJC_ARC = YES;
				CLANG_WARN_BOOL_CONVERSION = YES;
				CLANG_WARN_CONSTANT_CONVERSION = YES;
				CLANG_WARN_DIRECT_OBJC_ISA_USAGE = YES_ERROR;
				CLANG_WARN_EMPTY_BODY = YES;
				CLANG_WARN_ENUM_CONVERSION = YES;
				CLANG_WARN_INT_CONVERSION = YES;
				CLANG_WARN_OBJC_ROOT_CLASS = YES_ERROR;
				CLANG_WARN_UNREACHABLE_CODE = YES;
				CLANG_WARN__DUPLICATE_METHOD_MATCH = YES;
				"CODE_SIGN_IDENTITY[sdk=iphoneos*]" = "iPhone Developer";
				COPY_PHASE_STRIP = NO;
				ENABLE_STRICT_OBJC_MSGSEND = YES;
				GCC_C_LANGUAGE_STANDARD = gnu99;
				GCC_DYNAMIC_NO_PIC = NO;
				GCC_OPTIMIZATION_LEVEL = 0;
				GCC_PREPROCESSOR_DEFINITIONS = (
					"DEBUG=1",
					"$(inherited)",
				);
				GCC_SYMBOLS_PRIVATE_EXTERN = NO;
				GCC_WARN_64_TO_32_BIT_CONVERSION = YES;
				GCC_WARN_ABOUT_RETURN_TYPE = YES_ERROR;
				GCC_WARN_UNDECLARED_SELECTOR = YES;
				GCC_WARN_UNINITIALIZED_AUTOS = YES_AGGRESSIVE;
				GCC_WARN_UNUSED_FUNCTION = YES;
				GCC_WARN_UNUSED_VARIABLE = YES;
				IPHONEOS_DEPLOYMENT_TARGET = 8.0;
				MTL_ENABLE_DEBUG_INFO = YES;
				ONLY_ACTIVE_ARCH = YES;
				SDKROOT = iphoneos;
				TARGETED_DEVICE_FAMILY = "1,2";
			};
			name = Debug;
		};
		C2A4B1751B4E055400D8C555 /* Release */ = {
			isa = XCBuildConfiguration;
			buildSettings = {
				ALWAYS_SEARCH_USER_PATHS = NO;
				CLANG_CXX_LANGUAGE_STANDARD = "gnu++0x";
				CLANG_CXX_LIBRARY = "libc++";
				CLANG_ENABLE_MODULES = YES;
				CLANG_ENABLE_OBJC_ARC = YES;
				CLANG_WARN_BOOL_CONVERSION = YES;
				CLANG_WARN_CONSTANT_CONVERSION = YES;
				CLANG_WARN_DIRECT_OBJC_ISA_USAGE = YES_ERROR;
				CLANG_WARN_EMPTY_BODY = YES;
				CLANG_WARN_ENUM_CONVERSION = YES;
				CLANG_WARN_INT_CONVERSION = YES;
				CLANG_WARN_OBJC_ROOT_CLASS = YES_ERROR;
				CLANG_WARN_UNREACHABLE_CODE = YES;
				CLANG_WARN__DUPLICATE_METHOD_MATCH = YES;
				"CODE_SIGN_IDENTITY[sdk=iphoneos*]" = "iPhone Developer";
				COPY_PHASE_STRIP = YES;
				ENABLE_NS_ASSERTIONS = NO;
				ENABLE_STRICT_OBJC_MSGSEND = YES;
				GCC_C_LANGUAGE_STANDARD = gnu99;
				GCC_WARN_64_TO_32_BIT_CONVERSION = YES;
				GCC_WARN_ABOUT_RETURN_TYPE = YES_ERROR;
				GCC_WARN_UNDECLARED_SELECTOR = YES;
				GCC_WARN_UNINITIALIZED_AUTOS = YES_AGGRESSIVE;
				GCC_WARN_UNUSED_FUNCTION = YES;
				GCC_WARN_UNUSED_VARIABLE = YES;
				IPHONEOS_DEPLOYMENT_TARGET = 8.0;
				MTL_ENABLE_DEBUG_INFO = NO;
				SDKROOT = iphoneos;
				TARGETED_DEVICE_FAMILY = "1,2";
				VALIDATE_PRODUCT = YES;
			};
			name = Release;
		};
		C2A4B1771B4E055400D8C555 /* Debug */ = {
			isa = XCBuildConfiguration;
			buildSettings = {
				ASSETCATALOG_COMPILER_APPICON_NAME = AppIcon;
				INFOPLIST_FILE = zhoiusi_/Info.plist;
				LD_RUNPATH_SEARCH_PATHS = "$(inherited) @executable_path/Frameworks";
				PRODUCT_NAME = "$(TARGET_NAME)";
			};
			name = Debug;
		};
		C2A4B1781B4E055400D8C555 /* Release */ = {
			isa = XCBuildConfiguration;
			buildSettings = {
				ASSETCATALOG_COMPILER_APPICON_NAME = AppIcon;
				INFOPLIST_FILE = zhoiusi_/Info.plist;
				LD_RUNPATH_SEARCH_PATHS = "$(inherited) @executable_path/Frameworks";
				PRODUCT_NAME = "$(TARGET_NAME)";
			};
			name = Release;
		};
		C2A4B17A1B4E055400D8C555 /* Debug */ = {
			isa = XCBuildConfiguration;
			buildSettings = {
				BUNDLE_LOADER = "$(TEST_HOST)";
				FRAMEWORK_SEARCH_PATHS = (
					"$(SDKROOT)/Developer/Library/Frameworks",
					"$(inherited)",
				);
				GCC_PREPROCESSOR_DEFINITIONS = (
					"DEBUG=1",
					"$(inherited)",
				);
				INFOPLIST_FILE = zhoiusi_Tests/Info.plist;
				LD_RUNPATH_SEARCH_PATHS = "$(inherited) @executable_path/Frameworks @loader_path/Frameworks";
				PRODUCT_NAME = "$(TARGET_NAME)";
				TEST_HOST = "$(BUILT_PRODUCTS_DIR)/zhoiusi_.app/zhoiusi_";
			};
			name = Debug;
		};
		C2A4B17B1B4E055400D8C555 /* Release */ = {
			isa = XCBuildConfiguration;
			buildSettings = {
				BUNDLE_LOADER = "$(TEST_HOST)";
				FRAMEWORK_SEARCH_PATHS = (
					"$(SDKROOT)/Developer/Library/Frameworks",
					"$(inherited)",
				);
				INFOPLIST_FILE = zhoiusi_Tests/Info.plist;
				LD_RUNPATH_SEARCH_PATHS = "$(inherited) @executable_path/Frameworks @loader_path/Frameworks";
				PRODUCT_NAME = "$(TARGET_NAME)";
				TEST_HOST = "$(BUILT_PRODUCTS_DIR)/zhoiusi_.app/zhoiusi_";
			};
			name = Release;
		};
/* End XCBuildConfiguration section */

/* Begin XCConfigurationList section */
		C2A4B14E1B4E055400D8C555 /* Build configuration list for PBXProject "zhoiusi_" */ = {
			isa = XCConfigurationList;
			buildConfigurations = (
				C2A4B1741B4E055400D8C555 /* Debug */,
				C2A4B1751B4E055400D8C555 /* Release */,
			);
			defaultConfigurationIsVisible = 0;
			defaultConfigurationName = Release;
		};
		C2A4B1761B4E055400D8C555 /* Build configuration list for PBXNativeTarget "zhoiusi_" */ = {
			isa = XCConfigurationList;
			buildConfigurations = (
				C2A4B1771B4E055400D8C555 /* Debug */,
				C2A4B1781B4E055400D8C555 /* Release */,
			);
			defaultConfigurationIsVisible = 0;
		};
		C2A4B1791B4E055400D8C555 /* Build configuration list for PBXNativeTarget "zhoiusi_Tests" */ = {
			isa = XCConfigurationList;
			buildConfigurations = (
				C2A4B17A1B4E055400D8C555 /* Debug */,
				C2A4B17B1B4E055400D8C555 /* Release */,
			);
			defaultConfigurationIsVisible = 0;
		};
/* End XCConfigurationList section */
	};
	rootObject = C2A4B14B1B4E055400D8C555 /* Project object */;
}
